{
  "name": "astra-vulnerable-demo",
  "lockfileVersion": 3,
  "packages": {
    "": {
      "name": "astra-vulnerable-demo",
      "dependencies": {
        "astra-demo-client": "1.0.0",
        "astra-demo-unused": "1.0.0"
      },
      "devDependencies": {
        "astra-demo-builder": "3.0.0"
      }
    },
    "node_modules/astra-demo-client": {
      "version": "1.0.0",
      "license": "MIT",
      "dependencies": {
        "astra-demo-parser": "2.0.0"
      }
    },
    "node_modules/astra-demo-parser": {
      "version": "2.0.0",
      "license": "MIT"
    },
    "node_modules/astra-demo-unused": {
      "version": "1.0.0",
      "license": "GPL-3.0-only"
    },
    "node_modules/astra-demo-builder": {
      "version": "3.0.0",
      "license": "MIT",
      "dev": true,
      "dependencies": {
        "astra-demo-build-helper": "1.0.0",
        "astra-demo-parser": "1.0.0"
      }
    },
    "node_modules/astra-demo-builder/node_modules/astra-demo-parser": {
      "version": "1.0.0",
      "license": "MIT",
      "dev": true
    },
    "node_modules/astra-demo-build-helper": {
      "version": "1.0.0",
      "license": "MIT",
      "dev": true,
      "hasInstallScript": true
    }
  }
}
